
Microsoft Visual Studio Solution File, Format Version 12.00
# Visual Studio Version 17
VisualStudioVersion = 17.14.36408.4 d17.14
MinimumVisualStudioVersion = 10.0.40219.1
Project("{FAE04EC0-301F-11D3-BF4B-00C04F79EFBC}") = "ExamenSCISA", "ExamenSCISA.csproj", "{BB8CEC1F-5A3A-4A4B-AFA0-FCD3D7ED4556}"
EndProject
Project("{FAE04EC0-301F-11D3-BF4B-00C04F79EFBC}") = "ExamenSCISA.Application", "..\ExamenSCISA.Application\ExamenSCISA.Application.csproj", "{3A9AD217-0F90-44E8-B2FC-347642E4F4A5}"
EndProject
Project("{FAE04EC0-301F-11D3-BF4B-00C04F79EFBC}") = "ExamenSCISA.Domain", "..\ExamenSCISA.Domain\ExamenSCISA.Domain.csproj", "{59276327-1CA2-4EFF-8363-D14E8232C29D}"
EndProject
Project("{FAE04EC0-301F-11D3-BF4B-00C04F79EFBC}") = "ExamenSCISA.Infrastructure", "..\ExamenSCISA.Infrastructure\ExamenSCISA.Infrastructure.csproj", "{1BFF34CA-DB11-4C18-9664-1821725B4253}"
EndProject
Project("{FAE04EC0-301F-11D3-BF4B-00C04F79EFBC}") = "ExamenSCISA.Presentation", "..\ExamenSCISA.Presentation\ExamenSCISA.Presentation.csproj", "{7F96545F-D4EE-4F70-A8AA-C9E4BCACECC8}"
EndProject
Global
	GlobalSection(SolutionConfigurationPlatforms) = preSolution
		Debug|Any CPU = Debug|Any CPU
		Release|Any CPU = Release|Any CPU
	EndGlobalSection
	GlobalSection(ProjectConfigurationPlatforms) = postSolution
		{BB8CEC1F-5A3A-4A4B-AFA0-FCD3D7ED4556}.Debug|Any CPU.ActiveCfg = Debug|Any CPU
		{BB8CEC1F-5A3A-4A4B-AFA0-FCD3D7ED4556}.Debug|Any CPU.Build.0 = Debug|Any CPU
		{BB8CEC1F-5A3A-4A4B-AFA0-FCD3D7ED4556}.Release|Any CPU.ActiveCfg = Release|Any CPU
		{BB8CEC1F-5A3A-4A4B-AFA0-FCD3D7ED4556}.Release|Any CPU.Build.0 = Release|Any CPU
		{3A9AD217-0F90-44E8-B2FC-347642E4F4A5}.Debug|Any CPU.ActiveCfg = Debug|Any CPU
		{3A9AD217-0F90-44E8-B2FC-347642E4F4A5}.Debug|Any CPU.Build.0 = Debug|Any CPU
		{3A9AD217-0F90-44E8-B2FC-347642E4F4A5}.Release|Any CPU.ActiveCfg = Release|Any CPU
		{3A9AD217-0F90-44E8-B2FC-347642E4F4A5}.Release|Any CPU.Build.0 = Release|Any CPU
		{59276327-1CA2-4EFF-8363-D14E8232C29D}.Debug|Any CPU.ActiveCfg = Debug|Any CPU
		{59276327-1CA2-4EFF-8363-D14E8232C29D}.Debug|Any CPU.Build.0 = Debug|Any CPU
		{59276327-1CA2-4EFF-8363-D14E8232C29D}.Release|Any CPU.ActiveCfg = Release|Any CPU
		{59276327-1CA2-4EFF-8363-D14E8232C29D}.Release|Any CPU.Build.0 = Release|Any CPU
		{1BFF34CA-DB11-4C18-9664-1821725B4253}.Debug|Any CPU.ActiveCfg = Debug|Any CPU
		{1BFF34CA-DB11-4C18-9664-1821725B4253}.Debug|Any CPU.Build.0 = Debug|Any CPU
		{1BFF34CA-DB11-4C18-9664-1821725B4253}.Release|Any CPU.ActiveCfg = Release|Any CPU
		{1BFF34CA-DB11-4C18-9664-1821725B4253}.Release|Any CPU.Build.0 = Release|Any CPU
		{7F96545F-D4EE-4F70-A8AA-C9E4BCACECC8}.Debug|Any CPU.ActiveCfg = Debug|Any CPU
		{7F96545F-D4EE-4F70-A8AA-C9E4BCACECC8}.Debug|Any CPU.Build.0 = Debug|Any CPU
		{7F96545F-D4EE-4F70-A8AA-C9E4BCACECC8}.Release|Any CPU.ActiveCfg = Release|Any CPU
		{7F96545F-D4EE-4F70-A8AA-C9E4BCACECC8}.Release|Any CPU.Build.0 = Release|Any CPU
	EndGlobalSection
	GlobalSection(SolutionProperties) = preSolution
		HideSolutionNode = FALSE
	EndGlobalSection
	GlobalSection(ExtensibilityGlobals) = postSolution
		SolutionGuid = {E2339612-E822-4578-BB98-E0348612EE53}
	EndGlobalSection
EndGlobal
